
Microsoft Visual Studio Solution File, Format Version 12.00
# Visual Studio 15
VisualStudioVersion = 15.0.27004.2002
MinimumVisualStudioVersion = 10.0.40219.1
Project("{FAE04EC0-301F-11D3-BF4B-00C04F79EFBC}") = "Sorts", "Sorts\Sorts.csproj", "{8F244F25-26DC-4282-8DB8-8724D5930707}"
EndProject
Global
	GlobalSection(SolutionConfigurationPlatforms) = preSolution
		Debug|Any CPU = Debug|Any CPU
		Release|Any CPU = Release|Any CPU
	EndGlobalSection
	GlobalSection(ProjectConfigurationPlatforms) = postSolution
		{8F244F25-26DC-4282-8DB8-8724D5930707}.Debug|Any CPU.ActiveCfg = Debug|Any CPU
		{8F244F25-26DC-4282-8DB8-8724D5930707}.Debug|Any CPU.Build.0 = Debug|Any CPU
		{8F244F25-26DC-4282-8DB8-8724D5930707}.Release|Any CPU.ActiveCfg = Release|Any CPU
		{8F244F25-26DC-4282-8DB8-8724D5930707}.Release|Any CPU.Build.0 = Release|Any CPU
	EndGlobalSection
	GlobalSection(SolutionProperties) = preSolution
		HideSolutionNode = FALSE
	EndGlobalSection
	GlobalSection(ExtensibilityGlobals) = postSolution
		SolutionGuid = {C7E1C365-82B8-46BC-9A6E-5E388F51E4D9}
	EndGlobalSection
EndGlobal
